<?xml version="1.0" encoding="utf-8"?>
<Project ToolsVersion="4.0" xmlns="http://schemas.microsoft.com/developer/msbuild/2003">
  <ItemGroup>
    <Filter Include="ソース ファイル">
      <UniqueIdentifier>{4FC737F1-C7A5-4376-A066-2A32D752A2FF}</UniqueIdentifier>
      <Extensions>cpp;c;cc;cxx;c++;def;odl;idl;hpj;bat;asm;asmx</Extensions>
    </Filter>
    <Filter Include="ヘッダー ファイル">
      <UniqueIdentifier>{93995380-89BD-4b04-88EB-625FBE52EBFB}</UniqueIdentifier>
      <Extensions>h;hh;hpp;hxx;h++;hm;inl;inc;ipp;xsd</Extensions>
    </Filter>
    <Filter Include="リソース ファイル">
      <UniqueIdentifier>{67DA6AB6-F800-4c08-8B7A-83BB121AAD01}</UniqueIdentifier>
      <Extensions>rc;ico;cur;bmp;dlg;rc2;rct;bin;rgs;gif;jpg;jpeg;jpe;resx;tiff;tif;png;wav;mfcribbon-ms</Extensions>
    </Filter>
    <Filter Include="ソース ファイル\test-src">
      <UniqueIdentifier>{2e0ac506-2e54-44e2-9e39-26c0e37af4be}</UniqueIdentifier>
    </Filter>
    <Filter Include="ヘッダー ファイル\cmnclib">
      <UniqueIdentifier>{f4daf102-c47d-4eb5-aeea-17de9c73e5ac}</UniqueIdentifier>
    </Filter>
  </ItemGroup>
  <ItemGroup>
    <ClInclude Include="inc\cmnclib\Common.h">
      <Filter>ヘッダー ファイル\cmnclib</Filter>
    </ClInclude>
    <ClInclude Include="inc\cmnclib\CommonConf.h">
      <Filter>ヘッダー ファイル\cmnclib</Filter>
    </ClInclude>
    <ClInclude Include="inc\cmnclib\CommonData.h">
      <Filter>ヘッダー ファイル\cmnclib</Filter>
    </ClInclude>
    <ClInclude Include="inc\cmnclib\CommonDllImport.h">
      <Filter>ヘッダー ファイル\cmnclib</Filter>
    </ClInclude>
    <ClInclude Include="inc\cmnclib\CommonFile.h">
      <Filter>ヘッダー ファイル\cmnclib</Filter>
    </ClInclude>
    <ClInclude Include="inc\cmnclib\CommonLog.h">
      <Filter>ヘッダー ファイル\cmnclib</Filter>
    </ClInclude>
    <ClInclude Include="inc\cmnclib\CommonNet.h">
      <Filter>ヘッダー ファイル\cmnclib</Filter>
    </ClInclude>
    <ClInclude Include="inc\cmnclib\CommonString.h">
      <Filter>ヘッダー ファイル\cmnclib</Filter>
    </ClInclude>
    <ClInclude Include="inc\cmnclib\CommonTest.h">
      <Filter>ヘッダー ファイル\cmnclib</Filter>
    </ClInclude>
    <ClInclude Include="inc\cmnclib\CommonThread.h">
      <Filter>ヘッダー ファイル\cmnclib</Filter>
    </ClInclude>
    <ClInclude Include="inc\cmnclib\CommonTime.h">
      <Filter>ヘッダー ファイル\cmnclib</Filter>
    </ClInclude>
    <ClInclude Include="inc\cmnclib\CommonWin32.h">
      <Filter>ヘッダー ファイル\cmnclib</Filter>
    </ClInclude>
    <ClInclude Include="inc\cmnclib.h">
      <Filter>ヘッダー ファイル</Filter>
    </ClInclude>
  </ItemGroup>
  <ItemGroup>
    <ClCompile Include="src\CommonConf\CommonConf.c">
      <Filter>ソース ファイル</Filter>
    </ClCompile>
    <ClCompile Include="src\CommonConf\CommonConfProperty.c">
      <Filter>ソース ファイル</Filter>
    </ClCompile>
    <ClCompile Include="src\CommonData\CommonDataArg.c">
      <Filter>ソース ファイル</Filter>
    </ClCompile>
    <ClCompile Include="src\CommonData\CommonDataBuffer.c">
      <Filter>ソース ファイル</Filter>
    </ClCompile>
    <ClCompile Include="src\CommonData\CommonDataList.c">
      <Filter>ソース ファイル</Filter>
    </ClCompile>
    <ClCompile Include="src\CommonData\CommonDataRingList.c">
      <Filter>ソース ファイル</Filter>
    </ClCompile>
    <ClCompile Include="src\CommonData\CommonDataStack.c">
      <Filter>ソース ファイル</Filter>
    </ClCompile>
    <ClCompile Include="src\CommonData\CommonDataTwowayList.c">
      <Filter>ソース ファイル</Filter>
    </ClCompile>
    <ClCompile Include="src\CommonFile\CommonFile.c">
      <Filter>ソース ファイル</Filter>
    </ClCompile>
    <ClCompile Include="src\CommonLog\CommonLog.c">
      <Filter>ソース ファイル</Filter>
    </ClCompile>
    <ClCompile Include="src\CommonLog\CommonLogEx.c">
      <Filter>ソース ファイル</Filter>
    </ClCompile>
    <ClCompile Include="src\CommonNet\CommonNetHttp.c">
      <Filter>ソース ファイル</Filter>
    </ClCompile>
    <ClCompile Include="src\CommonNet\CommonNetSocket.c">
      <Filter>ソース ファイル</Filter>
    </ClCompile>
    <ClCompile Include="src\CommonString\CommonString.c">
      <Filter>ソース ファイル</Filter>
    </ClCompile>
    <ClCompile Include="src\CommonString\CommonStringBuffer.c">
      <Filter>ソース ファイル</Filter>
    </ClCompile>
    <ClCompile Include="src\CommonString\CommonStringList.c">
      <Filter>ソース ファイル</Filter>
    </ClCompile>
    <ClCompile Include="src\CommonTest\CommonTest.c">
      <Filter>ソース ファイル</Filter>
    </ClCompile>
    <ClCompile Include="src\CommonThread\CommonThread.c">
      <Filter>ソース ファイル</Filter>
    </ClCompile>
    <ClCompile Include="src\CommonTime\CommonTime.c">
      <Filter>ソース ファイル</Filter>
    </ClCompile>
    <ClCompile Include="test\src\test_CommonConf.c">
      <Filter>ソース ファイル\test-src</Filter>
    </ClCompile>
    <ClCompile Include="test\src\test_CommonData.c">
      <Filter>ソース ファイル\test-src</Filter>
    </ClCompile>
    <ClCompile Include="test\src\test_CommonFile.c">
      <Filter>ソース ファイル\test-src</Filter>
    </ClCompile>
    <ClCompile Include="test\src\test_CommonLog.c">
      <Filter>ソース ファイル\test-src</Filter>
    </ClCompile>
    <ClCompile Include="test\src\test_CommonNet.c">
      <Filter>ソース ファイル\test-src</Filter>
    </ClCompile>
    <ClCompile Include="test\src\test_CommonString.c">
      <Filter>ソース ファイル\test-src</Filter>
    </ClCompile>
    <ClCompile Include="test\src\test_CommonThread.c">
      <Filter>ソース ファイル\test-src</Filter>
    </ClCompile>
    <ClCompile Include="test\src\test_CommonTime.c">
      <Filter>ソース ファイル\test-src</Filter>
    </ClCompile>
    <ClCompile Include="test\src\test_main.c">
      <Filter>ソース ファイル\test-src</Filter>
    </ClCompile>
    <ClCompile Include="src\CommonLog\CommonLogMessage.c">
      <Filter>ソース ファイル</Filter>
    </ClCompile>
    <ClCompile Include="src\CommonWin32\CommonWin32.c">
      <Filter>ソース ファイル</Filter>
    </ClCompile>
    <ClCompile Include="test\src\test_CommonWin32.c">
      <Filter>ソース ファイル\test-src</Filter>
    </ClCompile>
  </ItemGroup>
  <ItemGroup>
    <None Include="Doxyfile" />
    <None Include="Makefile" />
  </ItemGroup>
  <ItemGroup>
    <Text Include="readme.txt" />
  </ItemGroup>
</Project>