<?xml version="1.0" encoding="utf-8"?>
<Project ToolsVersion="4.0" xmlns="http://schemas.microsoft.com/developer/msbuild/2003">
  <ItemGroup>
    <Filter Include="ソース ファイル">
      <UniqueIdentifier>{4FC737F1-C7A5-4376-A066-2A32D752A2FF}</UniqueIdentifier>
      <Extensions>cpp;c;cc;cxx;c++;def;odl;idl;hpj;bat;asm;asmx</Extensions>
    </Filter>
    <Filter Include="ヘッダー ファイル">
      <UniqueIdentifier>{93995380-89BD-4b04-88EB-625FBE52EBFB}</UniqueIdentifier>
      <Extensions>h;hh;hpp;hxx;h++;hm;inl;inc;ipp;xsd</Extensions>
    </Filter>
    <Filter Include="リソース ファイル">
      <UniqueIdentifier>{67DA6AB6-F800-4c08-8B7A-83BB121AAD01}</UniqueIdentifier>
      <Extensions>rc;ico;cur;bmp;dlg;rc2;rct;bin;rgs;gif;jpg;jpeg;jpe;resx;tiff;tif;png;wav;mfcribbon-ms</Extensions>
    </Filter>
    <Filter Include="ソース ファイル\test-src">
      <UniqueIdentifier>{2e0ac506-2e54-44e2-9e39-26c0e37af4be}</UniqueIdentifier>
    </Filter>
    <Filter Include="ヘッダー ファイル\cmnclib">
      <UniqueIdentifier>{f4daf102-c47d-4eb5-aeea-17de9c73e5ac}</UniqueIdentifier>
    </Filter>
  </ItemGroup>
  <ItemGroup>
    <ClInclude Include="inc\cmnclib\Common.h">
      <Filter>ヘッダー ファイル\cmnclib</Filter>
    </ClInclude>
    <ClInclude Include="inc\cmnclib.h">
      <Filter>ヘッダー ファイル</Filter>
    </ClInclude>
    <ClInclude Include="inc\cmnclib\CmnConf.h">
      <Filter>ヘッダー ファイル\cmnclib</Filter>
    </ClInclude>
    <ClInclude Include="inc\cmnclib\CmnData.h">
      <Filter>ヘッダー ファイル\cmnclib</Filter>
    </ClInclude>
    <ClInclude Include="inc\cmnclib\CmnDllImport.h">
      <Filter>ヘッダー ファイル\cmnclib</Filter>
    </ClInclude>
    <ClInclude Include="inc\cmnclib\CmnFile.h">
      <Filter>ヘッダー ファイル\cmnclib</Filter>
    </ClInclude>
    <ClInclude Include="inc\cmnclib\CmnLog.h">
      <Filter>ヘッダー ファイル\cmnclib</Filter>
    </ClInclude>
    <ClInclude Include="inc\cmnclib\CmnNet.h">
      <Filter>ヘッダー ファイル\cmnclib</Filter>
    </ClInclude>
    <ClInclude Include="inc\cmnclib\CmnString.h">
      <Filter>ヘッダー ファイル\cmnclib</Filter>
    </ClInclude>
    <ClInclude Include="inc\cmnclib\CmnTest.h">
      <Filter>ヘッダー ファイル\cmnclib</Filter>
    </ClInclude>
    <ClInclude Include="inc\cmnclib\CmnThread.h">
      <Filter>ヘッダー ファイル\cmnclib</Filter>
    </ClInclude>
    <ClInclude Include="inc\cmnclib\CmnTime.h">
      <Filter>ヘッダー ファイル\cmnclib</Filter>
    </ClInclude>
    <ClInclude Include="inc\cmnclib\CmnWin32.h">
      <Filter>ヘッダー ファイル\cmnclib</Filter>
    </ClInclude>
  </ItemGroup>
  <ItemGroup>
    <ClCompile Include="test\src\test_main.c">
      <Filter>ソース ファイル\test-src</Filter>
    </ClCompile>
    <ClCompile Include="src\CmnConf\CmnConf.c">
      <Filter>ソース ファイル</Filter>
    </ClCompile>
    <ClCompile Include="src\CmnConf\CmnConfProperty.c">
      <Filter>ソース ファイル</Filter>
    </ClCompile>
    <ClCompile Include="src\CmnData\CmnDataArg.c">
      <Filter>ソース ファイル</Filter>
    </ClCompile>
    <ClCompile Include="src\CmnData\CmnDataBuffer.c">
      <Filter>ソース ファイル</Filter>
    </ClCompile>
    <ClCompile Include="src\CmnData\CmnDataList.c">
      <Filter>ソース ファイル</Filter>
    </ClCompile>
    <ClCompile Include="src\CmnData\CmnDataRingList.c">
      <Filter>ソース ファイル</Filter>
    </ClCompile>
    <ClCompile Include="src\CmnData\CmnDataStack.c">
      <Filter>ソース ファイル</Filter>
    </ClCompile>
    <ClCompile Include="src\CmnData\CmnDataTwowayList.c">
      <Filter>ソース ファイル</Filter>
    </ClCompile>
    <ClCompile Include="src\CmnFile\CmnFile.c">
      <Filter>ソース ファイル</Filter>
    </ClCompile>
    <ClCompile Include="src\CmnLog\CmnLog.c">
      <Filter>ソース ファイル</Filter>
    </ClCompile>
    <ClCompile Include="src\CmnLog\CmnLogEx.c">
      <Filter>ソース ファイル</Filter>
    </ClCompile>
    <ClCompile Include="src\CmnLog\CmnLogMessage.c">
      <Filter>ソース ファイル</Filter>
    </ClCompile>
    <ClCompile Include="src\CmnNet\CmnNetHttp.c">
      <Filter>ソース ファイル</Filter>
    </ClCompile>
    <ClCompile Include="src\CmnNet\CmnNetSocket.c">
      <Filter>ソース ファイル</Filter>
    </ClCompile>
    <ClCompile Include="src\CmnString\CmnString.c">
      <Filter>ソース ファイル</Filter>
    </ClCompile>
    <ClCompile Include="src\CmnString\CmnStringBuffer.c">
      <Filter>ソース ファイル</Filter>
    </ClCompile>
    <ClCompile Include="src\CmnString\CmnStringList.c">
      <Filter>ソース ファイル</Filter>
    </ClCompile>
    <ClCompile Include="src\CmnTest\CmnTest.c">
      <Filter>ソース ファイル</Filter>
    </ClCompile>
    <ClCompile Include="src\CmnThread\CmnThread.c">
      <Filter>ソース ファイル</Filter>
    </ClCompile>
    <ClCompile Include="src\CmnTime\CmnTime.c">
      <Filter>ソース ファイル</Filter>
    </ClCompile>
    <ClCompile Include="src\CmnWin32\CmnWin32.c">
      <Filter>ソース ファイル</Filter>
    </ClCompile>
    <ClCompile Include="test\src\test_CmnConf.c">
      <Filter>ソース ファイル\test-src</Filter>
    </ClCompile>
    <ClCompile Include="test\src\test_CmnData.c">
      <Filter>ソース ファイル\test-src</Filter>
    </ClCompile>
    <ClCompile Include="test\src\test_CmnFile.c">
      <Filter>ソース ファイル\test-src</Filter>
    </ClCompile>
    <ClCompile Include="test\src\test_CmnLog.c">
      <Filter>ソース ファイル\test-src</Filter>
    </ClCompile>
    <ClCompile Include="test\src\test_CmnNet.c">
      <Filter>ソース ファイル\test-src</Filter>
    </ClCompile>
    <ClCompile Include="test\src\test_CmnString.c">
      <Filter>ソース ファイル\test-src</Filter>
    </ClCompile>
    <ClCompile Include="test\src\test_CmnThread.c">
      <Filter>ソース ファイル\test-src</Filter>
    </ClCompile>
    <ClCompile Include="test\src\test_CmnTime.c">
      <Filter>ソース ファイル\test-src</Filter>
    </ClCompile>
    <ClCompile Include="test\src\test_CmnWin32.c">
      <Filter>ソース ファイル\test-src</Filter>
    </ClCompile>
  </ItemGroup>
  <ItemGroup>
    <None Include="Doxyfile" />
    <None Include="Makefile" />
  </ItemGroup>
  <ItemGroup>
    <Text Include="readme.txt" />
  </ItemGroup>
</Project>