<?xml version="1.0" encoding="utf-8"?>
<Project ToolsVersion="4.0" xmlns="http://schemas.microsoft.com/developer/msbuild/2003">
  <ItemGroup>
    <Filter Include="ソース ファイル">
      <UniqueIdentifier>{4FC737F1-C7A5-4376-A066-2A32D752A2FF}</UniqueIdentifier>
      <Extensions>cpp;c;cc;cxx;c++;def;odl;idl;hpj;bat;asm;asmx</Extensions>
    </Filter>
    <Filter Include="ヘッダー ファイル">
      <UniqueIdentifier>{93995380-89BD-4b04-88EB-625FBE52EBFB}</UniqueIdentifier>
      <Extensions>h;hh;hpp;hxx;h++;hm;inl;inc;ipp;xsd</Extensions>
    </Filter>
    <Filter Include="リソース ファイル">
      <UniqueIdentifier>{67DA6AB6-F800-4c08-8B7A-83BB121AAD01}</UniqueIdentifier>
      <Extensions>rc;ico;cur;bmp;dlg;rc2;rct;bin;rgs;gif;jpg;jpeg;jpe;resx;tiff;tif;png;wav;mfcribbon-ms</Extensions>
    </Filter>
    <Filter Include="ソース ファイル\commands">
      <UniqueIdentifier>{6375f639-b5d9-4c93-a03f-408b640bb337}</UniqueIdentifier>
    </Filter>
    <Filter Include="ヘッダー ファイル\commands">
      <UniqueIdentifier>{56f08f10-54b4-4f68-bb1d-81b0cbb2f86d}</UniqueIdentifier>
    </Filter>
    <Filter Include="ヘッダー ファイル\win32">
      <UniqueIdentifier>{d45bcc75-b823-4eec-99b9-d877c29629f1}</UniqueIdentifier>
    </Filter>
    <Filter Include="ソース ファイル\win32">
      <UniqueIdentifier>{cf4ccd8c-c90b-468f-a4eb-df29e2a933ae}</UniqueIdentifier>
    </Filter>
  </ItemGroup>
  <ItemGroup>
    <ClCompile Include="src\Command.cpp">
      <Filter>ソース ファイル</Filter>
    </ClCompile>
    <ClCompile Include="src\main.cpp">
      <Filter>ソース ファイル</Filter>
    </ClCompile>
    <ClCompile Include="src\commands\GetclipCommand.cpp">
      <Filter>ソース ファイル\commands</Filter>
    </ClCompile>
    <ClCompile Include="src\commands\HelpCommand.cpp">
      <Filter>ソース ファイル\commands</Filter>
    </ClCompile>
    <ClCompile Include="src\commands\SetclipCommand.cpp">
      <Filter>ソース ファイル\commands</Filter>
    </ClCompile>
    <ClCompile Include="src\commands\GrepCommand.cpp">
      <Filter>ソース ファイル\commands</Filter>
    </ClCompile>
    <ClCompile Include="src\win32\Skeleton.cpp">
      <Filter>ソース ファイル\win32</Filter>
    </ClCompile>
    <ClCompile Include="src\commands\Win32SkeletonCommand.cpp">
      <Filter>ソース ファイル\commands</Filter>
    </ClCompile>
  </ItemGroup>
  <ItemGroup>
    <ClInclude Include="inc\cmn-tools\Command.hpp">
      <Filter>ヘッダー ファイル</Filter>
    </ClInclude>
    <ClInclude Include="inc\cmn-tools\commands\GetclipCommand.hpp">
      <Filter>ヘッダー ファイル\commands</Filter>
    </ClInclude>
    <ClInclude Include="inc\cmn-tools\commands\HelpCommand.hpp">
      <Filter>ヘッダー ファイル\commands</Filter>
    </ClInclude>
    <ClInclude Include="inc\cmn-tools\commands\SetclipCommand.hpp">
      <Filter>ヘッダー ファイル\commands</Filter>
    </ClInclude>
    <ClInclude Include="inc\cmn-tools\CommandException.hpp">
      <Filter>ヘッダー ファイル</Filter>
    </ClInclude>
    <ClInclude Include="inc\cmn-tools\commands\GrepCommand.hpp">
      <Filter>ヘッダー ファイル\commands</Filter>
    </ClInclude>
    <ClInclude Include="inc\cmn-tools\win32\Skeleton.hpp">
      <Filter>ヘッダー ファイル\win32</Filter>
    </ClInclude>
    <ClInclude Include="inc\cmn-tools\commands\Win32SkeletonCommand.hpp">
      <Filter>ヘッダー ファイル\commands</Filter>
    </ClInclude>
  </ItemGroup>
</Project>